
Microsoft Visual Studio Solution File, Format Version 12.00
# Visual Studio Version 16
VisualStudioVersion = 16.0.30002.166
MinimumVisualStudioVersion = 10.0.40219.1
Project("{FAE04EC0-301F-11D3-BF4B-00C04F79EFBC}") = "BubbleChartSample", "BubbleChartSample.csproj", "{4E4A54E6-5774-498A-930E-A82F9EF3DACC}"
EndProject
Global
	GlobalSection(SolutionConfigurationPlatforms) = preSolution
		Debug|Any CPU = Debug|Any CPU
		Release|Any CPU = Release|Any CPU
	EndGlobalSection
	GlobalSection(ProjectConfigurationPlatforms) = postSolution
		{4E4A54E6-5774-498A-930E-A82F9EF3DACC}.Debug|Any CPU.ActiveCfg = Debug|Any CPU
		{4E4A54E6-5774-498A-930E-A82F9EF3DACC}.Debug|Any CPU.Build.0 = Debug|Any CPU
		{4E4A54E6-5774-498A-930E-A82F9EF3DACC}.Release|Any CPU.ActiveCfg = Release|Any CPU
		{4E4A54E6-5774-498A-930E-A82F9EF3DACC}.Release|Any CPU.Build.0 = Release|Any CPU
	EndGlobalSection
	GlobalSection(SolutionProperties) = preSolution
		HideSolutionNode = FALSE
	EndGlobalSection
	GlobalSection(ExtensibilityGlobals) = postSolution
		SolutionGuid = {DBD53083-3268-43AE-B82E-C8FEC2626E2A}
	EndGlobalSection
EndGlobal
